
Microsoft Visual Studio Solution File, Format Version 12.00
# Visual Studio 14
VisualStudioVersion = 14.0.25123.0
MinimumVisualStudioVersion = 10.0.40219.1
Project("{FAE04EC0-301F-11D3-BF4B-00C04F79EFBC}") = "chron-cli", "chron-cli\chron-cli.csproj", "{BEF5AD2E-77FD-482B-B49E-0B93AE97028D}"
EndProject
Global
	GlobalSection(SolutionConfigurationPlatforms) = preSolution
		Debug|Any CPU = Debug|Any CPU
		Release|Any CPU = Release|Any CPU
	EndGlobalSection
	GlobalSection(ProjectConfigurationPlatforms) = postSolution
		{BEF5AD2E-77FD-482B-B49E-0B93AE97028D}.Debug|Any CPU.ActiveCfg = Debug|Any CPU
		{BEF5AD2E-77FD-482B-B49E-0B93AE97028D}.Debug|Any CPU.Build.0 = Debug|Any CPU
		{BEF5AD2E-77FD-482B-B49E-0B93AE97028D}.Release|Any CPU.ActiveCfg = Release|Any CPU
		{BEF5AD2E-77FD-482B-B49E-0B93AE97028D}.Release|Any CPU.Build.0 = Release|Any CPU
	EndGlobalSection
	GlobalSection(SolutionProperties) = preSolution
		HideSolutionNode = FALSE
	EndGlobalSection
EndGlobal
